
Microsoft Visual Studio Solution File, Format Version 12.00
# Visual Studio Version 16
VisualStudioVersion = 16.0.30517.126
MinimumVisualStudioVersion = 10.0.40219.1
Project("{FAE04EC0-301F-11D3-BF4B-00C04F79EFBC}") = "Invoice", "Invoice\Invoice.csproj", "{6F183E2A-B4A7-4B63-BF43-E3DFEE3138E0}"
EndProject
Global
	GlobalSection(SolutionConfigurationPlatforms) = preSolution
		Debug|Any CPU = Debug|Any CPU
		Release|Any CPU = Release|Any CPU
	EndGlobalSection
	GlobalSection(ProjectConfigurationPlatforms) = postSolution
		{6F183E2A-B4A7-4B63-BF43-E3DFEE3138E0}.Debug|Any CPU.ActiveCfg = Debug|Any CPU
		{6F183E2A-B4A7-4B63-BF43-E3DFEE3138E0}.Debug|Any CPU.Build.0 = Debug|Any CPU
		{6F183E2A-B4A7-4B63-BF43-E3DFEE3138E0}.Release|Any CPU.ActiveCfg = Release|Any CPU
		{6F183E2A-B4A7-4B63-BF43-E3DFEE3138E0}.Release|Any CPU.Build.0 = Release|Any CPU
	EndGlobalSection
	GlobalSection(SolutionProperties) = preSolution
		HideSolutionNode = FALSE
	EndGlobalSection
	GlobalSection(ExtensibilityGlobals) = postSolution
		SolutionGuid = {786DA1CD-E397-4893-A552-B279D4740037}
	EndGlobalSection
EndGlobal
